
Microsoft Visual Studio Solution File, Format Version 12.00
# Visual Studio Version 17
VisualStudioVersion = 17.5.002.0
MinimumVisualStudioVersion = 10.0.40219.1
Project("{9A19103F-16F7-4668-BE54-9A1E7A4F7556}") = "spot", "spot.csproj", "{550DF950-AB79-470D-A7F7-57FB8F3EBE1D}"
EndProject
Global
	GlobalSection(SolutionConfigurationPlatforms) = preSolution
		Debug|Any CPU = Debug|Any CPU
		Release|Any CPU = Release|Any CPU
	EndGlobalSection
	GlobalSection(ProjectConfigurationPlatforms) = postSolution
		{550DF950-AB79-470D-A7F7-57FB8F3EBE1D}.Debug|Any CPU.ActiveCfg = Debug|Any CPU
		{550DF950-AB79-470D-A7F7-57FB8F3EBE1D}.Debug|Any CPU.Build.0 = Debug|Any CPU
		{550DF950-AB79-470D-A7F7-57FB8F3EBE1D}.Release|Any CPU.ActiveCfg = Release|Any CPU
		{550DF950-AB79-470D-A7F7-57FB8F3EBE1D}.Release|Any CPU.Build.0 = Release|Any CPU
	EndGlobalSection
	GlobalSection(SolutionProperties) = preSolution
		HideSolutionNode = FALSE
	EndGlobalSection
	GlobalSection(ExtensibilityGlobals) = postSolution
		SolutionGuid = {9A60A64E-510C-4170-BF88-A72E8A8C1EEC}
	EndGlobalSection
EndGlobal
